// !$*UTF8*$!
{
	archiveVersion = 1;
	classes = {
	};
	objectVersion = 56;
	objects = {

/* Begin PBXBuildFile section */
		446437C32902CB4A00313F79 /* AppDelegate.swift in Sources */ = {isa = PBXBuildFile; fileRef = 446437C22902CB4A00313F79 /* AppDelegate.swift */; };
		446437C52902CB4A00313F79 /* SceneDelegate.swift in Sources */ = {isa = PBXBuildFile; fileRef = 446437C42902CB4A00313F79 /* SceneDelegate.swift */; };
		446437C72902CB4A00313F79 /* UserViewController.swift in Sources */ = {isa = PBXBuildFile; fileRef = 446437C62902CB4A00313F79 /* UserViewController.swift */; };
		446437CC2902CB4B00313F79 /* Assets.xcassets in Resources */ = {isa = PBXBuildFile; fileRef = 446437CB2902CB4B00313F79 /* Assets.xcassets */; };
		446437CF2902CB4B00313F79 /* LaunchScreen.storyboard in Resources */ = {isa = PBXBuildFile; fileRef = 446437CD2902CB4B00313F79 /* LaunchScreen.storyboard */; };
		446437D72903366100313F79 /* Model.swift in Sources */ = {isa = PBXBuildFile; fileRef = 446437D62903366100313F79 /* Model.swift */; };
		446437DB290336C800313F79 /* ApiManager.swift in Sources */ = {isa = PBXBuildFile; fileRef = 446437DA290336C800313F79 /* ApiManager.swift */; };
		446437DE290338D400313F79 /* ViewModel.swift in Sources */ = {isa = PBXBuildFile; fileRef = 446437DD290338D400313F79 /* ViewModel.swift */; };
		446437E02903396600313F79 /* UserService.swift in Sources */ = {isa = PBXBuildFile; fileRef = 446437DF2903396600313F79 /* UserService.swift */; };
		446437E32903438D00313F79 /* userviewModelOutput.swift in Sources */ = {isa = PBXBuildFile; fileRef = 446437E22903438D00313F79 /* userviewModelOutput.swift */; };
/* End PBXBuildFile section */

/* Begin PBXFileReference section */
		446437BF2902CB4A00313F79 /* dependencyInjection.app */ = {isa = PBXFileReference; explicitFileType = wrapper.application; includeInIndex = 0; path = dependencyInjection.app; sourceTree = BUILT_PRODUCTS_DIR; };
		446437C22902CB4A00313F79 /* AppDelegate.swift */ = {isa = PBXFileReference; lastKnownFileType = sourcecode.swift; path = AppDelegate.swift; sourceTree = "<group>"; };
		446437C42902CB4A00313F79 /* SceneDelegate.swift */ = {isa = PBXFileReference; lastKnownFileType = sourcecode.swift; path = SceneDelegate.swift; sourceTree = "<group>"; };
		446437C62902CB4A00313F79 /* UserViewController.swift */ = {isa = PBXFileReference; lastKnownFileType = sourcecode.swift; path = UserViewController.swift; sourceTree = "<group>"; };
		446437CB2902CB4B00313F79 /* Assets.xcassets */ = {isa = PBXFileReference; lastKnownFileType = folder.assetcatalog; path = Assets.xcassets; sourceTree = "<group>"; };
		446437CE2902CB4B00313F79 /* Base */ = {isa = PBXFileReference; lastKnownFileType = file.storyboard; name = Base; path = Base.lproj/LaunchScreen.storyboard; sourceTree = "<group>"; };
		446437D02902CB4B00313F79 /* Info.plist */ = {isa = PBXFileReference; lastKnownFileType = text.plist.xml; path = Info.plist; sourceTree = "<group>"; };
		446437D62903366100313F79 /* Model.swift */ = {isa = PBXFileReference; lastKnownFileType = sourcecode.swift; path = Model.swift; sourceTree = "<group>"; };
		446437DA290336C800313F79 /* ApiManager.swift */ = {isa = PBXFileReference; lastKnownFileType = sourcecode.swift; path = ApiManager.swift; sourceTree = "<group>"; };
		446437DD290338D400313F79 /* ViewModel.swift */ = {isa = PBXFileReference; lastKnownFileType = sourcecode.swift; path = ViewModel.swift; sourceTree = "<group>"; };
		446437DF2903396600313F79 /* UserService.swift */ = {isa = PBXFileReference; lastKnownFileType = sourcecode.swift; path = UserService.swift; sourceTree = "<group>"; };
		446437E22903438D00313F79 /* userviewModelOutput.swift */ = {isa = PBXFileReference; lastKnownFileType = sourcecode.swift; path = userviewModelOutput.swift; sourceTree = "<group>"; };
/* End PBXFileReference section */

/* Begin PBXFrameworksBuildPhase section */
		446437BC2902CB4A00313F79 /* Frameworks */ = {
			isa = PBXFrameworksBuildPhase;
			buildActionMask = 2147483647;
			files = (
			);
			runOnlyForDeploymentPostprocessing = 0;
		};
/* End PBXFrameworksBuildPhase section */

/* Begin PBXGroup section */
		446437B62902CB4A00313F79 = {
			isa = PBXGroup;
			children = (
				446437C12902CB4A00313F79 /* dependencyInjection */,
				446437C02902CB4A00313F79 /* Products */,
			);
			sourceTree = "<group>";
		};
		446437C02902CB4A00313F79 /* Products */ = {
			isa = PBXGroup;
			children = (
				446437BF2902CB4A00313F79 /* dependencyInjection.app */,
			);
			name = Products;
			sourceTree = "<group>";
		};
		446437C12902CB4A00313F79 /* dependencyInjection */ = {
			isa = PBXGroup;
			children = (
				446437E129033BB900313F79 /* View */,
				446437DC290338C000313F79 /* ViewModel */,
				446437D92903367000313F79 /* Service */,
				446437D82903366600313F79 /* model */,
				446437C22902CB4A00313F79 /* AppDelegate.swift */,
				446437C42902CB4A00313F79 /* SceneDelegate.swift */,
				446437CB2902CB4B00313F79 /* Assets.xcassets */,
				446437CD2902CB4B00313F79 /* LaunchScreen.storyboard */,
				446437D02902CB4B00313F79 /* Info.plist */,
			);
			path = dependencyInjection;
			sourceTree = "<group>";
		};
		446437D82903366600313F79 /* model */ = {
			isa = PBXGroup;
			children = (
				446437D62903366100313F79 /* Model.swift */,
			);
			path = model;
			sourceTree = "<group>";
		};
		446437D92903367000313F79 /* Service */ = {
			isa = PBXGroup;
			children = (
				446437DA290336C800313F79 /* ApiManager.swift */,
				446437DF2903396600313F79 /* UserService.swift */,
			);
			path = Service;
			sourceTree = "<group>";
		};
		446437DC290338C000313F79 /* ViewModel */ = {
			isa = PBXGroup;
			children = (
				446437DD290338D400313F79 /* ViewModel.swift */,
				446437E22903438D00313F79 /* userviewModelOutput.swift */,
			);
			path = ViewModel;
			sourceTree = "<group>";
		};
		446437E129033BB900313F79 /* View */ = {
			isa = PBXGroup;
			children = (
				446437C62902CB4A00313F79 /* UserViewController.swift */,
			);
			path = View;
			sourceTree = "<group>";
		};
/* End PBXGroup section */

/* Begin PBXNativeTarget section */
		446437BE2902CB4A00313F79 /* dependencyInjection */ = {
			isa = PBXNativeTarget;
			buildConfigurationList = 446437D32902CB4B00313F79 /* Build configuration list for PBXNativeTarget "dependencyInjection" */;
			buildPhases = (
				446437BB2902CB4A00313F79 /* Sources */,
				446437BC2902CB4A00313F79 /* Frameworks */,
				446437BD2902CB4A00313F79 /* Resources */,
			);
			buildRules = (
			);
			dependencies = (
			);
			name = dependencyInjection;
			productName = dependencyInjection;
			productReference = 446437BF2902CB4A00313F79 /* dependencyInjection.app */;
			productType = "com.apple.product-type.application";
		};
/* End PBXNativeTarget section */

/* Begin PBXProject section */
		446437B72902CB4A00313F79 /* Project object */ = {
			isa = PBXProject;
			attributes = {
				BuildIndependentTargetsInParallel = 1;
				LastSwiftUpdateCheck = 1400;
				LastUpgradeCheck = 1400;
				TargetAttributes = {
					446437BE2902CB4A00313F79 = {
						CreatedOnToolsVersion = 14.0.1;
					};
				};
			};
			buildConfigurationList = 446437BA2902CB4A00313F79 /* Build configuration list for PBXProject "dependencyInjection" */;
			compatibilityVersion = "Xcode 14.0";
			developmentRegion = en;
			hasScannedForEncodings = 0;
			knownRegions = (
				en,
				Base,
			);
			mainGroup = 446437B62902CB4A00313F79;
			productRefGroup = 446437C02902CB4A00313F79 /* Products */;
			projectDirPath = "";
			projectRoot = "";
			targets = (
				446437BE2902CB4A00313F79 /* dependencyInjection */,
			);
		};
/* End PBXProject section */

/* Begin PBXResourcesBuildPhase section */
		446437BD2902CB4A00313F79 /* Resources */ = {
			isa = PBXResourcesBuildPhase;
			buildActionMask = 2147483647;
			files = (
				446437CF2902CB4B00313F79 /* LaunchScreen.storyboard in Resources */,
				446437CC2902CB4B00313F79 /* Assets.xcassets in Resources */,
			);
			runOnlyForDeploymentPostprocessing = 0;
		};
/* End PBXResourcesBuildPhase section */

/* Begin PBXSourcesBuildPhase section */
		446437BB2902CB4A00313F79 /* Sources */ = {
			isa = PBXSourcesBuildPhase;
			buildActionMask = 2147483647;
			files = (
				446437E32903438D00313F79 /* userviewModelOutput.swift in Sources */,
				446437E02903396600313F79 /* UserService.swift in Sources */,
				446437DB290336C800313F79 /* ApiManager.swift in Sources */,
				446437C72902CB4A00313F79 /* UserViewController.swift in Sources */,
				446437C32902CB4A00313F79 /* AppDelegate.swift in Sources */,
				446437C52902CB4A00313F79 /* SceneDelegate.swift in Sources */,
				446437DE290338D400313F79 /* ViewModel.swift in Sources */,
				446437D72903366100313F79 /* Model.swift in Sources */,
			);
			runOnlyForDeploymentPostprocessing = 0;
		};
/* End PBXSourcesBuildPhase section */

/* Begin PBXVariantGroup section */
		446437CD2902CB4B00313F79 /* LaunchScreen.storyboard */ = {
			isa = PBXVariantGroup;
			children = (
				446437CE2902CB4B00313F79 /* Base */,
			);
			name = LaunchScreen.storyboard;
			sourceTree = "<group>";
		};
/* End PBXVariantGroup section */

/* Begin XCBuildConfiguration section */
		446437D12902CB4B00313F79 /* Debug */ = {
			isa = XCBuildConfiguration;
			buildSettings = {
				ALWAYS_SEARCH_USER_PATHS = NO;
				CLANG_ANALYZER_NONNULL = YES;
				CLANG_ANALYZER_NUMBER_OBJECT_CONVERSION = YES_AGGRESSIVE;
				CLANG_CXX_LANGUAGE_STANDARD = "gnu++20";
				CLANG_ENABLE_MODULES = YES;
				CLANG_ENABLE_OBJC_ARC = YES;
				CLANG_ENABLE_OBJC_WEAK = YES;
				CLANG_WARN_BLOCK_CAPTURE_AUTORELEASING = YES;
				CLANG_WARN_BOOL_CONVERSION = YES;
				CLANG_WARN_COMMA = YES;
				CLANG_WARN_CONSTANT_CONVERSION = YES;
				CLANG_WARN_DEPRECATED_OBJC_IMPLEMENTATIONS = YES;
				CLANG_WARN_DIRECT_OBJC_ISA_USAGE = YES_ERROR;
				CLANG_WARN_DOCUMENTATION_COMMENTS = YES;
				CLANG_WARN_EMPTY_BODY = YES;
				CLANG_WARN_ENUM_CONVERSION = YES;
				CLANG_WARN_INFINITE_RECURSION = YES;
				CLANG_WARN_INT_CONVERSION = YES;
				CLANG_WARN_NON_LITERAL_NULL_CONVERSION = YES;
				CLANG_WARN_OBJC_IMPLICIT_RETAIN_SELF = YES;
				CLANG_WARN_OBJC_LITERAL_CONVERSION = YES;
				CLANG_WARN_OBJC_ROOT_CLASS = YES_ERROR;
				CLANG_WARN_QUOTED_INCLUDE_IN_FRAMEWORK_HEADER = YES;
				CLANG_WARN_RANGE_LOOP_ANALYSIS = YES;
				CLANG_WARN_STRICT_PROTOTYPES = YES;
				CLANG_WARN_SUSPICIOUS_MOVE = YES;
				CLANG_WARN_UNGUARDED_AVAILABILITY = YES_AGGRESSIVE;
				CLANG_WARN_UNREACHABLE_CODE = YES;
				CLANG_WARN__DUPLICATE_METHOD_MATCH = YES;
				COPY_PHASE_STRIP = NO;
				DEBUG_INFORMATION_FORMAT = dwarf;
				ENABLE_STRICT_OBJC_MSGSEND = YES;
				ENABLE_TESTABILITY = YES;
				GCC_C_LANGUAGE_STANDARD = gnu11;
				GCC_DYNAMIC_NO_PIC = NO;
				GCC_NO_COMMON_BLOCKS = YES;
				GCC_OPTIMIZATION_LEVEL = 0;
				GCC_PREPROCESSOR_DEFINITIONS = (
					"DEBUG=1",
					"$(inherited)",
				);
				GCC_WARN_64_TO_32_BIT_CONVERSION = YES;
				GCC_WARN_ABOUT_RETURN_TYPE = YES_ERROR;
				GCC_WARN_UNDECLARED_SELECTOR = YES;
				GCC_WARN_UNINITIALIZED_AUTOS = YES_AGGRESSIVE;
				GCC_WARN_UNUSED_FUNCTION = YES;
				GCC_WARN_UNUSED_VARIABLE = YES;
				IPHONEOS_DEPLOYMENT_TARGET = 16.0;
				MTL_ENABLE_DEBUG_INFO = INCLUDE_SOURCE;
				MTL_FAST_MATH = YES;
				ONLY_ACTIVE_ARCH = YES;
				SDKROOT = iphoneos;
				SWIFT_ACTIVE_COMPILATION_CONDITIONS = DEBUG;
				SWIFT_OPTIMIZATION_LEVEL = "-Onone";
			};
			name = Debug;
		};
		446437D22902CB4B00313F79 /* Release */ = {
			isa = XCBuildConfiguration;
			buildSettings = {
				ALWAYS_SEARCH_USER_PATHS = NO;
				CLANG_ANALYZER_NONNULL = YES;
				CLANG_ANALYZER_NUMBER_OBJECT_CONVERSION = YES_AGGRESSIVE;
				CLANG_CXX_LANGUAGE_STANDARD = "gnu++20";
				CLANG_ENABLE_MODULES = YES;
				CLANG_ENABLE_OBJC_ARC = YES;
				CLANG_ENABLE_OBJC_WEAK = YES;
				CLANG_WARN_BLOCK_CAPTURE_AUTORELEASING = YES;
				CLANG_WARN_BOOL_CONVERSION = YES;
				CLANG_WARN_COMMA = YES;
				CLANG_WARN_CONSTANT_CONVERSION = YES;
				CLANG_WARN_DEPRECATED_OBJC_IMPLEMENTATIONS = YES;
				CLANG_WARN_DIRECT_OBJC_ISA_USAGE = YES_ERROR;
				CLANG_WARN_DOCUMENTATION_COMMENTS = YES;
				CLANG_WARN_EMPTY_BODY = YES;
				CLANG_WARN_ENUM_CONVERSION = YES;
				CLANG_WARN_INFINITE_RECURSION = YES;
				CLANG_WARN_INT_CONVERSION = YES;
				CLANG_WARN_NON_LITERAL_NULL_CONVERSION = YES;
				CLANG_WARN_OBJC_IMPLICIT_RETAIN_SELF = YES;
				CLANG_WARN_OBJC_LITERAL_CONVERSION = YES;
				CLANG_WARN_OBJC_ROOT_CLASS = YES_ERROR;
				CLANG_WARN_QUOTED_INCLUDE_IN_FRAMEWORK_HEADER = YES;
				CLANG_WARN_RANGE_LOOP_ANALYSIS = YES;
				CLANG_WARN_STRICT_PROTOTYPES = YES;
				CLANG_WARN_SUSPICIOUS_MOVE = YES;
				CLANG_WARN_UNGUARDED_AVAILABILITY = YES_AGGRESSIVE;
				CLANG_WARN_UNREACHABLE_CODE = YES;
				CLANG_WARN__DUPLICATE_METHOD_MATCH = YES;
				COPY_PHASE_STRIP = NO;
				DEBUG_INFORMATION_FORMAT = "dwarf-with-dsym";
				ENABLE_NS_ASSERTIONS = NO;
				ENABLE_STRICT_OBJC_MSGSEND = YES;
				GCC_C_LANGUAGE_STANDARD = gnu11;
				GCC_NO_COMMON_BLOCKS = YES;
				GCC_WARN_64_TO_32_BIT_CONVERSION = YES;
				GCC_WARN_ABOUT_RETURN_TYPE = YES_ERROR;
				GCC_WARN_UNDECLARED_SELECTOR = YES;
				GCC_WARN_UNINITIALIZED_AUTOS = YES_AGGRESSIVE;
				GCC_WARN_UNUSED_FUNCTION = YES;
				GCC_WARN_UNUSED_VARIABLE = YES;
				IPHONEOS_DEPLOYMENT_TARGET = 16.0;
				MTL_ENABLE_DEBUG_INFO = NO;
				MTL_FAST_MATH = YES;
				SDKROOT = iphoneos;
				SWIFT_COMPILATION_MODE = wholemodule;
				SWIFT_OPTIMIZATION_LEVEL = "-O";
				VALIDATE_PRODUCT = YES;
			};
			name = Release;
		};
		446437D42902CB4B00313F79 /* Debug */ = {
			isa = XCBuildConfiguration;
			buildSettings = {
				ASSETCATALOG_COMPILER_APPICON_NAME = AppIcon;
				ASSETCATALOG_COMPILER_GLOBAL_ACCENT_COLOR_NAME = AccentColor;
				CODE_SIGN_STYLE = Automatic;
				CURRENT_PROJECT_VERSION = 1;
				DEVELOPMENT_TEAM = C3DD2WAM42;
				GENERATE_INFOPLIST_FILE = YES;
				INFOPLIST_FILE = dependencyInjection/Info.plist;
				INFOPLIST_KEY_UIApplicationSupportsIndirectInputEvents = YES;
				INFOPLIST_KEY_UILaunchStoryboardName = LaunchScreen;
				INFOPLIST_KEY_UISupportedInterfaceOrientations_iPad = "UIInterfaceOrientationPortrait UIInterfaceOrientationPortraitUpsideDown UIInterfaceOrientationLandscapeLeft UIInterfaceOrientationLandscapeRight";
				INFOPLIST_KEY_UISupportedInterfaceOrientations_iPhone = "UIInterfaceOrientationPortrait UIInterfaceOrientationLandscapeLeft UIInterfaceOrientationLandscapeRight";
				LD_RUNPATH_SEARCH_PATHS = (
					"$(inherited)",
					"@executable_path/Frameworks",
				);
				MARKETING_VERSION = 1.0;
				PRODUCT_BUNDLE_IDENTIFIER = com.tunahanfiliz.dependencyInjection;
				PRODUCT_NAME = "$(TARGET_NAME)";
				SWIFT_EMIT_LOC_STRINGS = YES;
				SWIFT_VERSION = 5.0;
				TARGETED_DEVICE_FAMILY = "1,2";
			};
			name = Debug;
		};
		446437D52902CB4B00313F79 /* Release */ = {
			isa = XCBuildConfiguration;
			buildSettings = {
				ASSETCATALOG_COMPILER_APPICON_NAME = AppIcon;
				ASSETCATALOG_COMPILER_GLOBAL_ACCENT_COLOR_NAME = AccentColor;
				CODE_SIGN_STYLE = Automatic;
				CURRENT_PROJECT_VERSION = 1;
				DEVELOPMENT_TEAM = C3DD2WAM42;
				GENERATE_INFOPLIST_FILE = YES;
				INFOPLIST_FILE = dependencyInjection/Info.plist;
				INFOPLIST_KEY_UIApplicationSupportsIndirectInputEvents = YES;
				INFOPLIST_KEY_UILaunchStoryboardName = LaunchScreen;
				INFOPLIST_KEY_UISupportedInterfaceOrientations_iPad = "UIInterfaceOrientationPortrait UIInterfaceOrientationPortraitUpsideDown UIInterfaceOrientationLandscapeLeft UIInterfaceOrientationLandscapeRight";
				INFOPLIST_KEY_UISupportedInterfaceOrientations_iPhone = "UIInterfaceOrientationPortrait UIInterfaceOrientationLandscapeLeft UIInterfaceOrientationLandscapeRight";
				LD_RUNPATH_SEARCH_PATHS = (
					"$(inherited)",
					"@executable_path/Frameworks",
				);
				MARKETING_VERSION = 1.0;
				PRODUCT_BUNDLE_IDENTIFIER = com.tunahanfiliz.dependencyInjection;
				PRODUCT_NAME = "$(TARGET_NAME)";
				SWIFT_EMIT_LOC_STRINGS = YES;
				SWIFT_VERSION = 5.0;
				TARGETED_DEVICE_FAMILY = "1,2";
			};
			name = Release;
		};
/* End XCBuildConfiguration section */

/* Begin XCConfigurationList section */
		446437BA2902CB4A00313F79 /* Build configuration list for PBXProject "dependencyInjection" */ = {
			isa = XCConfigurationList;
			buildConfigurations = (
				446437D12902CB4B00313F79 /* Debug */,
				446437D22902CB4B00313F79 /* Release */,
			);
			defaultConfigurationIsVisible = 0;
			defaultConfigurationName = Release;
		};
		446437D32902CB4B00313F79 /* Build configuration list for PBXNativeTarget "dependencyInjection" */ = {
			isa = XCConfigurationList;
			buildConfigurations = (
				446437D42902CB4B00313F79 /* Debug */,
				446437D52902CB4B00313F79 /* Release */,
			);
			defaultConfigurationIsVisible = 0;
			defaultConfigurationName = Release;
		};
/* End XCConfigurationList section */
	};
	rootObject = 446437B72902CB4A00313F79 /* Project object */;
}
